<?xml version="1.0" encoding="utf-8"?>
<Project ToolsVersion="4.0" xmlns="http://schemas.microsoft.com/developer/msbuild/2003">
  <ItemGroup>
    <Filter Include="リソース ファイル">
      <UniqueIdentifier>{67DA6AB6-F800-4c08-8B7A-83BB121AAD01}</UniqueIdentifier>
      <Extensions>rc;ico;cur;bmp;dlg;rc2;rct;bin;rgs;gif;jpg;jpeg;jpe;resx;tiff;tif;png;wav;mfcribbon-ms</Extensions>
    </Filter>
    <Filter Include="MyPG">
      <UniqueIdentifier>{b35a18ec-194d-4fea-852c-04cef35dd4c5}</UniqueIdentifier>
    </Filter>
    <Filter Include="Lib">
      <UniqueIdentifier>{03edeb10-2dce-4448-9773-e351d54f2af1}</UniqueIdentifier>
    </Filter>
    <Filter Include="GameEngine">
      <UniqueIdentifier>{7ec743ff-cd39-4503-b15a-b383d90b63cf}</UniqueIdentifier>
    </Filter>
    <Filter Include="Lib\DG2014">
      <UniqueIdentifier>{69163297-886a-4dac-b189-d31c213e0fee}</UniqueIdentifier>
    </Filter>
    <Filter Include="MyPG\Source Files">
      <UniqueIdentifier>{e65e0bce-6036-4e81-bcdf-c3362ae298ee}</UniqueIdentifier>
      <Extensions>cpp;c;cc;cxx;c++;cppm;ixx;def;odl;idl;hpj;bat;asm;asmx</Extensions>
    </Filter>
    <Filter Include="MyPG\Header Files">
      <UniqueIdentifier>{23a56ba2-1c81-42c5-b512-0f03132b80c0}</UniqueIdentifier>
      <Extensions>h;hh;hpp;hxx;h++;hm;inl;inc;ipp;xsd</Extensions>
    </Filter>
    <Filter Include="MyPG\Template Files">
      <UniqueIdentifier>{b4daa935-3343-4f4b-bb54-a4066cc6745d}</UniqueIdentifier>
      <Extensions>tpp</Extensions>
    </Filter>
  </ItemGroup>
  <ItemGroup>
    <ClCompile Include="lib\GameEngine_Ver3_83.cpp">
      <Filter>GameEngine</Filter>
    </ClCompile>
    <ClCompile Include="lib\Dm2008_Ver1_4.cpp">
      <Filter>Lib</Filter>
    </ClCompile>
    <ClCompile Include="lib\XI2018_Ver1_0.cpp">
      <Filter>Lib</Filter>
    </ClCompile>
    <ClCompile Include="lib\DG2014\DG2014_DGObject.cpp">
      <Filter>Lib\DG2014</Filter>
    </ClCompile>
    <ClCompile Include="lib\DG2014\DG2014_Effect.cpp">
      <Filter>Lib\DG2014</Filter>
    </ClCompile>
    <ClCompile Include="lib\DG2014\DG2014_Font.cpp">
      <Filter>Lib\DG2014</Filter>
    </ClCompile>
    <ClCompile Include="lib\DG2014\DG2014_Image.cpp">
      <Filter>Lib\DG2014</Filter>
    </ClCompile>
    <ClCompile Include="lib\DG2014\DG2014_IndexBuffer.cpp">
      <Filter>Lib\DG2014</Filter>
    </ClCompile>
    <ClCompile Include="lib\DG2014\DG2014_InputLayout.cpp">
      <Filter>Lib\DG2014</Filter>
    </ClCompile>
    <ClCompile Include="lib\DG2014\DG2014_Mesh.cpp">
      <Filter>Lib\DG2014</Filter>
    </ClCompile>
    <ClCompile Include="lib\DG2014\DG2014_MeshSOBFile.cpp">
      <Filter>Lib\DG2014</Filter>
    </ClCompile>
    <ClCompile Include="lib\DG2014\DG2014_Texture.cpp">
      <Filter>Lib\DG2014</Filter>
    </ClCompile>
    <ClCompile Include="lib\DG2014\DG2014_Ver3_6.cpp">
      <Filter>Lib\DG2014</Filter>
    </ClCompile>
    <ClCompile Include="lib\DG2014\DG2014_VertexBuffer.cpp">
      <Filter>Lib\DG2014</Filter>
    </ClCompile>
    <ClCompile Include="lib\DG2014\DG2014_VertexContainer.cpp">
      <Filter>Lib\DG2014</Filter>
    </ClCompile>
    <ClCompile Include="lib\myLib.cpp">
      <Filter>Lib</Filter>
    </ClCompile>
    <ClCompile Include="src\MyPG.cpp">
      <Filter>MyPG\Source Files</Filter>
    </ClCompile>
    <ClCompile Include="src\WinMain.cpp">
      <Filter>MyPG\Source Files</Filter>
    </ClCompile>
    <ClCompile Include="src\Chara\Player\PlayerAnimator.cpp">
      <Filter>MyPG\Source Files</Filter>
    </ClCompile>
    <ClCompile Include="src\Animation\AnimationClip.cpp">
      <Filter>MyPG\Source Files</Filter>
    </ClCompile>
    <ClCompile Include="src\Animation\Animator.cpp">
      <Filter>MyPG\Source Files</Filter>
    </ClCompile>
    <ClCompile Include="src\ParticleSystem\Task_BreakWallEffect.cpp">
      <Filter>MyPG\Source Files</Filter>
    </ClCompile>
    <ClCompile Include="src\ParticleSystem\Particle.cpp">
      <Filter>MyPG\Source Files</Filter>
    </ClCompile>
    <ClCompile Include="src\ParticleSystem\ParticleConfig.cpp">
      <Filter>MyPG\Source Files</Filter>
    </ClCompile>
    <ClCompile Include="src\Font\Font.cpp">
      <Filter>MyPG\Source Files</Filter>
    </ClCompile>
    <ClCompile Include="src\GE\Profiling\Profiler.cpp">
      <Filter>MyPG\Source Files</Filter>
    </ClCompile>
    <ClCompile Include="src\GE\Profiling\ProfilerSectionFps.cpp">
      <Filter>MyPG\Source Files</Filter>
    </ClCompile>
    <ClCompile Include="src\GE\Profiling\ProfilerSection.cpp">
      <Filter>MyPG\Source Files</Filter>
    </ClCompile>
    <ClCompile Include="src\GE\Profiling\ProfilerLoggerConsole.cpp">
      <Filter>MyPG\Source Files</Filter>
    </ClCompile>
    <ClCompile Include="src\GE\Profiling\ProfilerLoggerCsv.cpp">
      <Filter>MyPG\Source Files</Filter>
    </ClCompile>
    <ClCompile Include="src\GE\Profiling\ProfilerSectionMemory.cpp">
      <Filter>MyPG\Source Files</Filter>
    </ClCompile>
    <ClCompile Include="src\GE\Profiling\ProfilerSectionCpu.cpp">
      <Filter>MyPG\Source Files</Filter>
    </ClCompile>
    <ClCompile Include="src\Scene\Builder\TitleScene.cpp">
      <Filter>MyPG\Source Files</Filter>
    </ClCompile>
    <ClCompile Include="src\Scene\SceneMapping.cpp">
      <Filter>MyPG\Source Files</Filter>
    </ClCompile>
    <ClCompile Include="src\GE\Core\Component.cpp">
      <Filter>MyPG\Source Files</Filter>
    </ClCompile>
    <ClCompile Include="src\GE\Core\GameEngine.cpp">
      <Filter>MyPG\Source Files</Filter>
    </ClCompile>
    <ClCompile Include="src\GE\MainProgram\Impl\WindowsMainProgram.cpp">
      <Filter>MyPG\Source Files</Filter>
    </ClCompile>
    <ClCompile Include="src\GE\Render\Impl\DG2014RenderSystem.cpp">
      <Filter>MyPG\Source Files</Filter>
    </ClCompile>
    <ClCompile Include="src\GE\Render\Image.cpp">
      <Filter>MyPG\Source Files</Filter>
    </ClCompile>
    <ClCompile Include="src\GE\Render\Impl\DG2014Texture.cpp">
      <Filter>MyPG\Source Files</Filter>
    </ClCompile>
    <ClCompile Include="src\GE\Render\Renderer.cpp">
      <Filter>MyPG\Source Files</Filter>
    </ClCompile>
    <ClCompile Include="src\GE\Scene\SceneManager.cpp">
      <Filter>MyPG\Source Files</Filter>
    </ClCompile>
    <ClCompile Include="src\GE\Scene\SceneConfig.cpp">
      <Filter>MyPG\Source Files</Filter>
    </ClCompile>
    <ClCompile Include="src\GE\Utils\HandyFunc\GameEngineRelated.cpp">
      <Filter>MyPG\Source Files</Filter>
    </ClCompile>
    <ClCompile Include="src\GE\Scene\Scene.cpp">
      <Filter>MyPG\Source Files</Filter>
    </ClCompile>
    <ClCompile Include="src\GE\Core\Time.cpp">
      <Filter>MyPG\Source Files</Filter>
    </ClCompile>
    <ClCompile Include="src\GE\DataType\Color.cpp">
      <Filter>MyPG\Source Files</Filter>
    </ClCompile>
    <ClCompile Include="src\GE\GEHeader.cpp">
      <Filter>MyPG\Source Files</Filter>
    </ClCompile>
    <ClCompile Include="src\GE\Debug\Collision\ColliderVisual.cpp">
      <Filter>MyPG\Source Files</Filter>
    </ClCompile>
    <ClCompile Include="src\GE\Debug\Log.cpp">
      <Filter>MyPG\Source Files</Filter>
    </ClCompile>
    <ClCompile Include="src\GE\Core\GameObject.cpp">
      <Filter>MyPG\Source Files</Filter>
    </ClCompile>
    <ClCompile Include="src\GE\Debug\Measurement\ScopeTiming.cpp">
      <Filter>MyPG\Source Files</Filter>
    </ClCompile>
    <ClCompile Include="src\GE\Core\Transform2D.cpp">
      <Filter>MyPG\Source Files</Filter>
    </ClCompile>
    <ClCompile Include="src\GE\Core\Internal\GameObjectOwner.cpp">
      <Filter>MyPG\Source Files</Filter>
    </ClCompile>
    <ClCompile Include="src\GE\Core\Camera2D.cpp">
      <Filter>MyPG\Source Files</Filter>
    </ClCompile>
    <ClCompile Include="src\GE\Utils\HandyFunc\SceneRelated.cpp">
      <Filter>MyPG\Source Files</Filter>
    </ClCompile>
    <ClCompile Include="src\GE\Input\Impl\WindowsInputSystem.cpp">
      <Filter>MyPG\Source Files</Filter>
    </ClCompile>
    <ClCompile Include="src\GE\Input\Impl\WindowsKey.cpp">
      <Filter>MyPG\Source Files</Filter>
    </ClCompile>
    <ClCompile Include="src\GE\Font\Impl\Direct10Font.cpp">
      <Filter>MyPG\Source Files</Filter>
    </ClCompile>
    <ClCompile Include="src\GE\Font\FontManager.cpp">
      <Filter>MyPG\Source Files</Filter>
    </ClCompile>
    <ClCompile Include="src\GE\UI\Text.cpp">
      <Filter>MyPG\Source Files</Filter>
    </ClCompile>
    <ClCompile Include="src\Lang\LanguageManager.cpp">
      <Filter>MyPG\Source Files</Filter>
    </ClCompile>
    <ClCompile Include="src\Prefab\UI\MenuItemPrefab.cpp">
      <Filter>MyPG\Source Files</Filter>
    </ClCompile>
    <ClCompile Include="src\Prefab\Camera\MainCameraPrefab.cpp">
      <Filter>MyPG\Source Files</Filter>
    </ClCompile>
    <ClCompile Include="src\Prefab\Camera\UICameraPrefab.cpp">
      <Filter>MyPG\Source Files</Filter>
    </ClCompile>
    <ClCompile Include="src\Camera\CameraManagement.cpp">
      <Filter>MyPG\Source Files</Filter>
    </ClCompile>
    <ClCompile Include="src\GE\Core\Coroutine.cpp">
      <Filter>MyPG\Source Files</Filter>
    </ClCompile>
    <ClCompile Include="src\GE\Yield\WaitSecond.cpp">
      <Filter>MyPG\Source Files</Filter>
    </ClCompile>
    <ClCompile Include="src\GE\Utils\Easing.cpp">
      <Filter>MyPG\Source Files</Filter>
    </ClCompile>
    <ClCompile Include="src\UI\MenuItem.cpp">
      <Filter>MyPG\Source Files</Filter>
    </ClCompile>
    <ClCompile Include="src\TitleScene\TitleSceneDirector.cpp">
      <Filter>MyPG\Source Files</Filter>
    </ClCompile>
    <ClCompile Include="src\Scene\Builder\PrepareScene.cpp">
      <Filter>MyPG\Source Files</Filter>
    </ClCompile>
    <ClCompile Include="src\PrepareScene\PrepareSceneDirector.cpp">
      <Filter>MyPG\Source Files</Filter>
    </ClCompile>
    <ClCompile Include="src\Rendering\ImageFade.cpp">
      <Filter>MyPG\Source Files</Filter>
    </ClCompile>
    <ClCompile Include="src\Scene\SceneTransition.cpp">
      <Filter>MyPG\Source Files</Filter>
    </ClCompile>
    <ClCompile Include="src\Scene\Builder\EndingScene.cpp">
      <Filter>MyPG\Source Files</Filter>
    </ClCompile>
    <ClCompile Include="src\EndingScene\EndingSceneDirector.cpp">
      <Filter>MyPG\Source Files</Filter>
    </ClCompile>
    <ClCompile Include="src\Scene\Builder\GameScene.cpp">
      <Filter>MyPG\Source Files</Filter>
    </ClCompile>
    <ClCompile Include="src\GameScene\GameSceneDirector.cpp">
      <Filter>MyPG\Source Files</Filter>
    </ClCompile>
    <ClCompile Include="src\Map\MapManager.cpp">
      <Filter>MyPG\Source Files</Filter>
    </ClCompile>
    <ClCompile Include="src\Map\MapGenerator.cpp">
      <Filter>MyPG\Source Files</Filter>
    </ClCompile>
    <ClCompile Include="src\Map\MapId.cpp">
      <Filter>MyPG\Source Files</Filter>
    </ClCompile>
    <ClCompile Include="src\Map\MapFactory.cpp">
      <Filter>MyPG\Source Files</Filter>
    </ClCompile>
    <ClCompile Include="src\Prefab\Map\Tile\TilePrefabUtils.cpp">
      <Filter>MyPG\Source Files</Filter>
    </ClCompile>
    <ClCompile Include="src\Prefab\Map\Tile\FloorTilePrefab.cpp">
      <Filter>MyPG\Source Files</Filter>
    </ClCompile>
    <ClCompile Include="src\Map\Tile\FloorTile.cpp">
      <Filter>MyPG\Source Files</Filter>
    </ClCompile>
    <ClCompile Include="src\Map\Tile\Tile.cpp">
      <Filter>MyPG\Source Files</Filter>
    </ClCompile>
    <ClCompile Include="src\Map\Tile\WeakWallTile.cpp">
      <Filter>MyPG\Source Files</Filter>
    </ClCompile>
    <ClCompile Include="src\Map\Tile\UnbreakableWallTile.cpp">
      <Filter>MyPG\Source Files</Filter>
    </ClCompile>
    <ClCompile Include="src\Map\Tile\TransportBeltTile.cpp">
      <Filter>MyPG\Source Files</Filter>
    </ClCompile>
    <ClCompile Include="src\Prefab\Map\Tile\TransportBeltTilePrefab.cpp">
      <Filter>MyPG\Source Files</Filter>
    </ClCompile>
    <ClCompile Include="src\Prefab\Map\Tile\UnbreakableWallTilePrefab.cpp">
      <Filter>MyPG\Source Files</Filter>
    </ClCompile>
    <ClCompile Include="src\Prefab\Map\Tile\WeakWallTilePrefab.cpp">
      <Filter>MyPG\Source Files</Filter>
    </ClCompile>
    <ClCompile Include="src\Character\Player\PlayerModel.cpp">
      <Filter>MyPG\Source Files</Filter>
    </ClCompile>
    <ClCompile Include="src\Character\Player\PlayerController.cpp">
      <Filter>MyPG\Source Files</Filter>
    </ClCompile>
    <ClCompile Include="src\Prefab\Character\Player\PlayerPrefab.cpp">
      <Filter>MyPG\Source Files</Filter>
    </ClCompile>
    <ClCompile Include="src\GE\Collision\Collider.cpp">
      <Filter>MyPG\Source Files</Filter>
    </ClCompile>
    <ClCompile Include="src\GE\Collision\CollisionSystem.cpp">
      <Filter>MyPG\Source Files</Filter>
    </ClCompile>
    <ClCompile Include="src\GE\Debug\Collision\RectColliderVisual.cpp">
      <Filter>MyPG\Source Files</Filter>
    </ClCompile>
    <ClCompile Include="src\GE\Collision\RectCollider.cpp">
      <Filter>MyPG\Source Files</Filter>
    </ClCompile>
    <ClCompile Include="src\GE\Collision\CollisionLayerMatrix.cpp">
      <Filter>MyPG\Source Files</Filter>
    </ClCompile>
    <ClCompile Include="src\Collision\CollisionInfo.cpp">
      <Filter>MyPG\Source Files</Filter>
    </ClCompile>
    <ClCompile Include="src\GE\Collision\Detection\NonRotatedRectSimpleImpl\DetectorImpl_RectRect.cpp">
      <Filter>MyPG\Source Files</Filter>
    </ClCompile>
    <ClCompile Include="src\GE\Collision\Detection\NonRotatedRectSimpleImpl\CollisionRecordHandler.cpp">
      <Filter>MyPG\Source Files</Filter>
    </ClCompile>
    <ClCompile Include="src\GE\Collision\Detection\RectDetector.cpp">
      <Filter>MyPG\Source Files</Filter>
    </ClCompile>
    <ClCompile Include="src\GE\Collision\Detection\NonRotatedRectSimpleImpl\DetectorImpl.cpp">
      <Filter>MyPG\Source Files</Filter>
    </ClCompile>
    <ClCompile Include="src\GE\Collision\Detection\DetectorFactory.cpp">
      <Filter>MyPG\Source Files</Filter>
    </ClCompile>
    <ClCompile Include="src\TransformUtils\PositionMovement.cpp">
      <Filter>MyPG\Source Files</Filter>
    </ClCompile>
    <ClCompile Include="src\Character\Player\PlayerCameraController.cpp">
      <Filter>MyPG\Source Files</Filter>
    </ClCompile>
    <ClCompile Include="src\Map\MapSizeInfo.cpp">
      <Filter>MyPG\Source Files</Filter>
    </ClCompile>
    <ClCompile Include="src\Map\MapObject\MapObject.cpp">
      <Filter>MyPG\Source Files</Filter>
    </ClCompile>
    <ClCompile Include="src\Map\MapObject\GoalObject.cpp">
      <Filter>MyPG\Source Files</Filter>
    </ClCompile>
    <ClCompile Include="src\Prefab\Map\MapObject\GoalObjectPrefab.cpp">
      <Filter>MyPG\Source Files</Filter>
    </ClCompile>
    <ClCompile Include="src\UI\CountDownUI.cpp">
      <Filter>MyPG\Source Files</Filter>
    </ClCompile>
    <ClCompile Include="src\Prefab\UI\CountDownUIPrefab.cpp">
      <Filter>MyPG\Source Files</Filter>
    </ClCompile>
    <ClCompile Include="src\TimeUtils\Timer.cpp">
      <Filter>MyPG\Source Files</Filter>
    </ClCompile>
    <ClCompile Include="src\GameScene\GameProgress.cpp">
      <Filter>MyPG\Source Files</Filter>
    </ClCompile>
    <ClCompile Include="src\GameScene\GameTimerController.cpp">
      <Filter>MyPG\Source Files</Filter>
    </ClCompile>
    <ClCompile Include="src\TransformUtils\Direction.cpp">
      <Filter>MyPG\Source Files</Filter>
    </ClCompile>
    <ClCompile Include="src\Character\Player\TempPlayerAnimator.cpp">
      <Filter>MyPG\Source Files</Filter>
    </ClCompile>
    <ClCompile Include="src\Character\Player\State\PlayerStateMachine.cpp">
      <Filter>MyPG\Source Files</Filter>
    </ClCompile>
    <ClCompile Include="src\Character\Player\State\Handler\PlayerWalkStateHandler.cpp">
      <Filter>MyPG\Source Files</Filter>
    </ClCompile>
    <ClCompile Include="src\Character\Player\State\Handler\PlayerRunStateHandler.cpp">
      <Filter>MyPG\Source Files</Filter>
    </ClCompile>
    <ClCompile Include="src\Character\Player\State\Handler\PlayerPrepareToRunStateHandler.cpp">
      <Filter>MyPG\Source Files</Filter>
    </ClCompile>
    <ClCompile Include="src\Character\Player\State\Handler\PlayerStopRunningStateHandler.cpp">
      <Filter>MyPG\Source Files</Filter>
    </ClCompile>
    <ClCompile Include="src\Character\Player\State\Handler\PlayerFallbackStateHandler.cpp">
      <Filter>MyPG\Source Files</Filter>
    </ClCompile>
    <ClCompile Include="src\Character\Player\PlayerCollisionHandler.cpp">
      <Filter>MyPG\Source Files</Filter>
    </ClCompile>
    <ClCompile Include="src\GE\Utils\HandyFunc\CollisionRelated.cpp">
      <Filter>MyPG\Source Files</Filter>
    </ClCompile>
    <ClCompile Include="lib\jsoncpp\jsoncpp.cpp">
      <Filter>MyPG\Source Files</Filter>
    </ClCompile>
  </ItemGroup>
  <ItemGroup>
    <ClInclude Include="lib\GameEngine_Ver3_83.h">
      <Filter>GameEngine</Filter>
    </ClInclude>
    <ClInclude Include="lib\Dm2008_Ver1_4.h">
      <Filter>Lib</Filter>
    </ClInclude>
    <ClInclude Include="lib\XI2018_Ver1_0.h">
      <Filter>Lib</Filter>
    </ClInclude>
    <ClInclude Include="lib\DG2014\DG2014_DGObject.h">
      <Filter>Lib\DG2014</Filter>
    </ClInclude>
    <ClInclude Include="lib\DG2014\DG2014_Effect.h">
      <Filter>Lib\DG2014</Filter>
    </ClInclude>
    <ClInclude Include="lib\DG2014\DG2014_Font.h">
      <Filter>Lib\DG2014</Filter>
    </ClInclude>
    <ClInclude Include="lib\DG2014\DG2014_Image.h">
      <Filter>Lib\DG2014</Filter>
    </ClInclude>
    <ClInclude Include="lib\DG2014\DG2014_IndexBuffer.h">
      <Filter>Lib\DG2014</Filter>
    </ClInclude>
    <ClInclude Include="lib\DG2014\DG2014_InputLayout.h">
      <Filter>Lib\DG2014</Filter>
    </ClInclude>
    <ClInclude Include="lib\DG2014\DG2014_Mesh.h">
      <Filter>Lib\DG2014</Filter>
    </ClInclude>
    <ClInclude Include="lib\DG2014\DG2014_Texture.h">
      <Filter>Lib\DG2014</Filter>
    </ClInclude>
    <ClInclude Include="lib\DG2014\DG2014_Ver3_6.h">
      <Filter>Lib\DG2014</Filter>
    </ClInclude>
    <ClInclude Include="lib\DG2014\DG2014_VertexBuffer.h">
      <Filter>Lib\DG2014</Filter>
    </ClInclude>
    <ClInclude Include="lib\DG2014\DG2014_VertexContainer.h">
      <Filter>Lib\DG2014</Filter>
    </ClInclude>
    <ClInclude Include="lib\myLib.h">
      <Filter>Lib</Filter>
    </ClInclude>
    <ClInclude Include="src\MyPG.h">
      <Filter>MyPG\Header Files</Filter>
    </ClInclude>
    <ClInclude Include="src\Task\ResourceConstant.h">
      <Filter>MyPG\Header Files</Filter>
    </ClInclude>
    <ClInclude Include="src\Task\TaskConstant.h">
      <Filter>MyPG\Header Files</Filter>
    </ClInclude>
    <ClInclude Include="src\Task\ResourceBase.tpp">
      <Filter>MyPG\Template Files</Filter>
    </ClInclude>
    <ClInclude Include="src\Task\ObjectBase.tpp">
      <Filter>MyPG\Template Files</Filter>
    </ClInclude>
    <ClInclude Include="src\Chara\Player\PlayerAnimator.h">
      <Filter>MyPG\Header Files</Filter>
    </ClInclude>
    <ClInclude Include="src\Animation\AnimationKey.h">
      <Filter>MyPG\Header Files</Filter>
    </ClInclude>
    <ClInclude Include="src\Animation\AnimationClip.h">
      <Filter>MyPG\Header Files</Filter>
    </ClInclude>
    <ClInclude Include="src\Animation\Animator.h">
      <Filter>MyPG\Header Files</Filter>
    </ClInclude>
    <ClInclude Include="src\Map\MapObject\MapObjectType.h">
      <Filter>MyPG\Header Files</Filter>
    </ClInclude>
    <ClInclude Include="src\ParticleSystem\Task_BreakWallEffect.h">
      <Filter>MyPG\Header Files</Filter>
    </ClInclude>
    <ClInclude Include="src\ParticleSystem\Particle.h">
      <Filter>MyPG\Header Files</Filter>
    </ClInclude>
    <ClInclude Include="src\ParticleSystem\ParticleConstant.h">
      <Filter>MyPG\Header Files</Filter>
    </ClInclude>
    <ClInclude Include="src\ParticleSystem\ParticleConfig.h">
      <Filter>MyPG\Header Files</Filter>
    </ClInclude>
    <ClInclude Include="src\Font\Font.h">
      <Filter>MyPG\Header Files</Filter>
    </ClInclude>
    <ClInclude Include="resource.h">
      <Filter>MyPG\Header Files</Filter>
    </ClInclude>
    <ClInclude Include="src\GE\Profiling\Profiler.h">
      <Filter>MyPG\Header Files</Filter>
    </ClInclude>
    <ClInclude Include="src\GE\Profiling\ProfilerSection.h">
      <Filter>MyPG\Header Files</Filter>
    </ClInclude>
    <ClInclude Include="src\GE\Profiling\ProfilerSectionFps.h">
      <Filter>MyPG\Header Files</Filter>
    </ClInclude>
    <ClInclude Include="src\GE\Profiling\ProfilerLogger.h">
      <Filter>MyPG\Header Files</Filter>
    </ClInclude>
    <ClInclude Include="src\GE\Profiling\ProfilerLoggerConsole.h">
      <Filter>MyPG\Header Files</Filter>
    </ClInclude>
    <ClInclude Include="src\GE\Profiling\ProfilerLoggerCsv.h">
      <Filter>MyPG\Header Files</Filter>
    </ClInclude>
    <ClInclude Include="src\GE\Profiling\ProfilerSectionMemory.h">
      <Filter>MyPG\Header Files</Filter>
    </ClInclude>
    <ClInclude Include="src\GE\Profiling\ProfilerSectionCpu.h">
      <Filter>MyPG\Header Files</Filter>
    </ClInclude>
    <ClInclude Include="src\GE\Profiling\ProfilingConfig.h">
      <Filter>MyPG\Header Files</Filter>
    </ClInclude>
    <ClInclude Include="src\Scene\Builder\TitleScene.h">
      <Filter>MyPG\Header Files</Filter>
    </ClInclude>
    <ClInclude Include="src\Scene\SceneMapping.h">
      <Filter>MyPG\Header Files</Filter>
    </ClInclude>
    <ClInclude Include="src\GE\Core\Component.h">
      <Filter>MyPG\Header Files</Filter>
    </ClInclude>
    <ClInclude Include="src\GE\Core\GameEngine.h">
      <Filter>MyPG\Header Files</Filter>
    </ClInclude>
    <ClInclude Include="src\GE\Core\GEConfig.h">
      <Filter>MyPG\Header Files</Filter>
    </ClInclude>
    <ClInclude Include="src\GE\MainProgram\Impl\WindowsMainProgramInitParams.h">
      <Filter>MyPG\Header Files</Filter>
    </ClInclude>
    <ClInclude Include="src\GE\MainProgram\MainProgram.h">
      <Filter>MyPG\Header Files</Filter>
    </ClInclude>
    <ClInclude Include="src\GE\MainProgram\MainProgramInitParams.h">
      <Filter>MyPG\Header Files</Filter>
    </ClInclude>
    <ClInclude Include="src\GE\Render\Image.h">
      <Filter>MyPG\Header Files</Filter>
    </ClInclude>
    <ClInclude Include="src\GE\Render\Impl\DG2014RenderSystemInitParams.h">
      <Filter>MyPG\Header Files</Filter>
    </ClInclude>
    <ClInclude Include="src\GE\Render\Renderer.h">
      <Filter>MyPG\Header Files</Filter>
    </ClInclude>
    <ClInclude Include="src\GE\Render\RenderSystem.h">
      <Filter>MyPG\Header Files</Filter>
    </ClInclude>
    <ClInclude Include="src\GE\Render\RenderSystemInitParams.h">
      <Filter>MyPG\Header Files</Filter>
    </ClInclude>
    <ClInclude Include="src\GE\Render\Texture.h">
      <Filter>MyPG\Header Files</Filter>
    </ClInclude>
    <ClInclude Include="src\GE\Scene\Scene.h">
      <Filter>MyPG\Header Files</Filter>
    </ClInclude>
    <ClInclude Include="src\GE\Scene\SceneManager.h">
      <Filter>MyPG\Header Files</Filter>
    </ClInclude>
    <ClInclude Include="src\GE\Core\Time.h">
      <Filter>MyPG\Header Files</Filter>
    </ClInclude>
    <ClInclude Include="src\GE\DataType\Color.h">
      <Filter>MyPG\Header Files</Filter>
    </ClInclude>
    <ClInclude Include="src\GE\GEHeader.h">
      <Filter>MyPG\Header Files</Filter>
    </ClInclude>
    <ClInclude Include="src\GE\Core\GameObject.h">
      <Filter>MyPG\Header Files</Filter>
    </ClInclude>
    <ClInclude Include="src\GE\DataType\Rect.h">
      <Filter>MyPG\Header Files</Filter>
    </ClInclude>
    <ClInclude Include="src\GE\Core\Transform2D.h">
      <Filter>MyPG\Header Files</Filter>
    </ClInclude>
    <ClInclude Include="src\GE\Scene\SceneConfig.h">
      <Filter>MyPG\Header Files</Filter>
    </ClInclude>
    <ClInclude Include="src\GE\Tools\ConstructorTest.h">
      <Filter>MyPG\Header Files</Filter>
    </ClInclude>
    <ClInclude Include="src\GE\Utils\PreprocessorDef.h">
      <Filter>MyPG\Header Files</Filter>
    </ClInclude>
    <ClInclude Include="src\GE\Utils\TypeDef.h">
      <Filter>MyPG\Header Files</Filter>
    </ClInclude>
    <ClInclude Include="src\GE\DataType\Vector2.h">
      <Filter>MyPG\Header Files</Filter>
    </ClInclude>
    <ClInclude Include="src\GE\DataType\Vector3.h">
      <Filter>MyPG\Header Files</Filter>
    </ClInclude>
    <ClInclude Include="src\GE\Debug\Collision\ColliderVisual.h">
      <Filter>MyPG\Header Files</Filter>
    </ClInclude>
    <ClInclude Include="src\GE\Debug\DebugConfig.h">
      <Filter>MyPG\Header Files</Filter>
    </ClInclude>
    <ClInclude Include="src\GE\Utils\HandyFunc\GameEngineRelated.h">
      <Filter>MyPG\Header Files</Filter>
    </ClInclude>
    <ClInclude Include="src\GE\Debug\Measurement\ScopeTiming.h">
      <Filter>MyPG\Header Files</Filter>
    </ClInclude>
    <ClInclude Include="src\GE\Debug\Log.h">
      <Filter>MyPG\Header Files</Filter>
    </ClInclude>
    <ClInclude Include="src\GE\Utils\Math.h">
      <Filter>MyPG\Header Files</Filter>
    </ClInclude>
    <ClInclude Include="src\GE\Core\Internal\GameObjectOwner.h">
      <Filter>MyPG\Header Files</Filter>
    </ClInclude>
    <ClInclude Include="src\GE\DataType\Transform2DData.h">
      <Filter>MyPG\Header Files</Filter>
    </ClInclude>
    <ClInclude Include="src\GE\Core\Camera2D.h">
      <Filter>MyPG\Header Files</Filter>
    </ClInclude>
    <ClInclude Include="src\GE\Render\RenderLayer.h">
      <Filter>MyPG\Header Files</Filter>
    </ClInclude>
    <ClInclude Include="src\GE\Core\Internal\Destroyable.h">
      <Filter>MyPG\Header Files</Filter>
    </ClInclude>
    <ClInclude Include="src\GE\Utils\HandyFunc\SceneRelated.h">
      <Filter>MyPG\Header Files</Filter>
    </ClInclude>
    <ClInclude Include="src\GE\Input\InputSystem.h">
      <Filter>MyPG\Header Files</Filter>
    </ClInclude>
    <ClInclude Include="src\GE\Input\Key.h">
      <Filter>MyPG\Header Files</Filter>
    </ClInclude>
    <ClInclude Include="src\GE\Input\Impl\WindowsKeyCode.h">
      <Filter>MyPG\Header Files</Filter>
    </ClInclude>
    <ClInclude Include="src\GE\Font\Font.h">
      <Filter>MyPG\Header Files</Filter>
    </ClInclude>
    <ClInclude Include="src\GE\Font\FontManager.h">
      <Filter>MyPG\Header Files</Filter>
    </ClInclude>
    <ClInclude Include="src\GE\UI\Text.h">
      <Filter>MyPG\Header Files</Filter>
    </ClInclude>
    <ClInclude Include="src\GE\Font\FontInfo.h">
      <Filter>MyPG\Header Files</Filter>
    </ClInclude>
    <ClInclude Include="src\GE\UI\TextAlignment.h">
      <Filter>MyPG\Header Files</Filter>
    </ClInclude>
    <ClInclude Include="src\Lang\LanguageManager.h">
      <Filter>MyPG\Header Files</Filter>
    </ClInclude>
    <ClInclude Include="src\Lang\FontType.h">
      <Filter>MyPG\Header Files</Filter>
    </ClInclude>
    <ClInclude Include="lib\magic_enum.hpp">
      <Filter>Lib</Filter>
    </ClInclude>
    <ClInclude Include="src\GE\Core\Prefab.h">
      <Filter>MyPG\Header Files</Filter>
    </ClInclude>
    <ClInclude Include="src\Prefab\UI\MenuItemPrefab.h">
      <Filter>MyPG\Header Files</Filter>
    </ClInclude>
    <ClInclude Include="src\Prefab\Camera\MainCameraPrefab.h">
      <Filter>MyPG\Header Files</Filter>
    </ClInclude>
    <ClInclude Include="src\Prefab\Camera\UICameraPrefab.h">
      <Filter>MyPG\Header Files</Filter>
    </ClInclude>
    <ClInclude Include="src\Camera\CameraManagement.h">
      <Filter>MyPG\Header Files</Filter>
    </ClInclude>
    <ClInclude Include="src\GE\Core\MemberFunc.h">
      <Filter>MyPG\Header Files</Filter>
    </ClInclude>
    <ClInclude Include="src\GE\Core\Event.h">
      <Filter>MyPG\Header Files</Filter>
    </ClInclude>
    <ClInclude Include="src\GE\Core\Coroutine.h">
      <Filter>MyPG\Header Files</Filter>
    </ClInclude>
    <ClInclude Include="src\GE\Yield\headers.h">
      <Filter>MyPG\Header Files</Filter>
    </ClInclude>
    <ClInclude Include="src\GE\Yield\WaitSecond.h">
      <Filter>MyPG\Header Files</Filter>
    </ClInclude>
    <ClInclude Include="src\GE\Utils\Easing.h">
      <Filter>MyPG\Header Files</Filter>
    </ClInclude>
    <ClInclude Include="src\UI\MenuItem.h">
      <Filter>MyPG\Header Files</Filter>
    </ClInclude>
    <ClInclude Include="src\GE\Core\PrefabDeclaration.h">
      <Filter>MyPG\Header Files</Filter>
    </ClInclude>
    <ClInclude Include="src\TitleScene\TitleSceneDirector.h">
      <Filter>MyPG\Header Files</Filter>
    </ClInclude>
    <ClInclude Include="src\GE\Utils\EnumUtils.h">
      <Filter>MyPG\Header Files</Filter>
    </ClInclude>
    <ClInclude Include="src\Scene\Builder\PrepareScene.h">
      <Filter>MyPG\Header Files</Filter>
    </ClInclude>
    <ClInclude Include="src\PrepareScene\PrepareSceneDirector.h">
      <Filter>MyPG\Header Files</Filter>
    </ClInclude>
    <ClInclude Include="src\Rendering\ImageFade.h">
      <Filter>MyPG\Header Files</Filter>
    </ClInclude>
    <ClInclude Include="src\Scene\SceneTransition.h">
      <Filter>MyPG\Header Files</Filter>
    </ClInclude>
    <ClInclude Include="src\Scene\Builder\EndingScene.h">
      <Filter>MyPG\Header Files</Filter>
    </ClInclude>
    <ClInclude Include="src\EndingScene\EndingSceneDirector.h">
      <Filter>MyPG\Header Files</Filter>
    </ClInclude>
    <ClInclude Include="src\Scene\Builder\GameScene.h">
      <Filter>MyPG\Header Files</Filter>
    </ClInclude>
    <ClInclude Include="src\GameScene\GameSceneDirector.h">
      <Filter>MyPG\Header Files</Filter>
    </ClInclude>
    <ClInclude Include="src\Rendering\RenderPriority.h">
      <Filter>MyPG\Header Files</Filter>
    </ClInclude>
    <ClInclude Include="src\Map\MapManager.h">
      <Filter>MyPG\Header Files</Filter>
    </ClInclude>
    <ClInclude Include="src\Map\MapGenerator.h">
      <Filter>MyPG\Header Files</Filter>
    </ClInclude>
    <ClInclude Include="src\Map\MapId.h">
      <Filter>MyPG\Header Files</Filter>
    </ClInclude>
    <ClInclude Include="src\Map\MapFactory.h">
      <Filter>MyPG\Header Files</Filter>
    </ClInclude>
    <ClInclude Include="src\Map\Tile\Tile.h">
      <Filter>MyPG\Header Files</Filter>
    </ClInclude>
    <ClInclude Include="src\Map\Tile\TileType.h">
      <Filter>MyPG\Header Files</Filter>
    </ClInclude>
    <ClInclude Include="src\Map\Tile\FloorTile.h">
      <Filter>MyPG\Header Files</Filter>
    </ClInclude>
    <ClInclude Include="src\Prefab\Map\Tile\TilePrefabUtils.h">
      <Filter>MyPG\Header Files</Filter>
    </ClInclude>
    <ClInclude Include="src\Prefab\Map\Tile\FloorTilePrefab.h">
      <Filter>MyPG\Header Files</Filter>
    </ClInclude>
    <ClInclude Include="src\GE\Core\Internal\GameLoopObjectContainer.h">
      <Filter>MyPG\Header Files</Filter>
    </ClInclude>
    <ClInclude Include="src\Map\Tile\UnbreakableWallTile.h">
      <Filter>MyPG\Header Files</Filter>
    </ClInclude>
    <ClInclude Include="src\Map\Tile\WeakWallTile.h">
      <Filter>MyPG\Header Files</Filter>
    </ClInclude>
    <ClInclude Include="src\Map\Tile\TransportBeltTile.h">
      <Filter>MyPG\Header Files</Filter>
    </ClInclude>
    <ClInclude Include="src\Prefab\Map\Tile\TransportBeltTilePrefab.h">
      <Filter>MyPG\Header Files</Filter>
    </ClInclude>
    <ClInclude Include="src\Prefab\Map\Tile\UnbreakableWallTilePrefab.h">
      <Filter>MyPG\Header Files</Filter>
    </ClInclude>
    <ClInclude Include="src\Prefab\Map\Tile\WeakWallTilePrefab.h">
      <Filter>MyPG\Header Files</Filter>
    </ClInclude>
    <ClInclude Include="src\Character\Player\PlayerModel.h">
      <Filter>MyPG\Header Files</Filter>
    </ClInclude>
    <ClInclude Include="src\Character\Player\PlayerController.h">
      <Filter>MyPG\Header Files</Filter>
    </ClInclude>
    <ClInclude Include="src\Prefab\Character\Player\PlayerPrefab.h">
      <Filter>MyPG\Header Files</Filter>
    </ClInclude>
    <ClInclude Include="src\Character\Player\PlayerRenderInfo.h">
      <Filter>MyPG\Header Files</Filter>
    </ClInclude>
    <ClInclude Include="src\Character\Player\PlayerConfig.h">
      <Filter>MyPG\Header Files</Filter>
    </ClInclude>
    <ClInclude Include="src\GE\Utils\GEConcept.h">
      <Filter>MyPG\Header Files</Filter>
    </ClInclude>
    <ClInclude Include="src\GE\Collision\Collider.h">
      <Filter>MyPG\Header Files</Filter>
    </ClInclude>
    <ClInclude Include="src\GE\Collision\CollisionSystem.h">
      <Filter>MyPG\Header Files</Filter>
    </ClInclude>
    <ClInclude Include="src\GE\Debug\Collision\RectColliderVisual.h">
      <Filter>MyPG\Header Files</Filter>
    </ClInclude>
    <ClInclude Include="src\GE\Collision\RectCollider.h">
      <Filter>MyPG\Header Files</Filter>
    </ClInclude>
    <ClInclude Include="src\GE\Debug\Collision\ColliderVisualConfig.h">
      <Filter>MyPG\Header Files</Filter>
    </ClInclude>
    <ClInclude Include="src\GE\Collision\CollisionLayer.h">
      <Filter>MyPG\Header Files</Filter>
    </ClInclude>
    <ClInclude Include="src\GE\Collision\CollisionLayerMatrix.h">
      <Filter>MyPG\Header Files</Filter>
    </ClInclude>
    <ClInclude Include="src\Collision\CollisionInfo.h">
      <Filter>MyPG\Header Files</Filter>
    </ClInclude>
    <ClInclude Include="src\GE\Collision\Detection\Detector.h">
      <Filter>MyPG\Header Files</Filter>
    </ClInclude>
    <ClInclude Include="src\GE\Collision\ColliderTypeDef.h">
      <Filter>MyPG\Header Files</Filter>
    </ClInclude>
    <ClInclude Include="src\GE\Collision\Detection\RectDetector.h">
      <Filter>MyPG\Header Files</Filter>
    </ClInclude>
    <ClInclude Include="src\GE\Collision\Detection\CollidedType.h">
      <Filter>MyPG\Header Files</Filter>
    </ClInclude>
    <ClInclude Include="src\GE\Collision\Detection\NonRotatedRectSimpleImpl\CollisionRecordHandler.h">
      <Filter>MyPG\Header Files</Filter>
    </ClInclude>
    <ClInclude Include="src\GE\Collision\Detection\DetectorImpl.h">
      <Filter>MyPG\Header Files</Filter>
    </ClInclude>
    <ClInclude Include="src\GE\Collision\Detection\NonRotatedRectSimpleImpl\DetectorImpl.h">
      <Filter>MyPG\Header Files</Filter>
    </ClInclude>
    <ClInclude Include="src\GE\Collision\Detection\DetectorFactory.h">
      <Filter>MyPG\Header Files</Filter>
    </ClInclude>
    <ClInclude Include="src\GE\Collision\Detection\NonRotatedRectSimpleImpl\CollisionRecordImpl.h">
      <Filter>MyPG\Header Files</Filter>
    </ClInclude>
    <ClInclude Include="src\GE\Collision\Detection\DetectorTypeDef.h">
      <Filter>MyPG\Header Files</Filter>
    </ClInclude>
    <ClInclude Include="src\GameScene\GameState.h">
      <Filter>MyPG\Header Files</Filter>
    </ClInclude>
    <ClInclude Include="src\TransformUtils\PositionMovement.h">
      <Filter>MyPG\Header Files</Filter>
    </ClInclude>
    <ClInclude Include="src\Character\Player\PlayerCameraController.h">
      <Filter>MyPG\Header Files</Filter>
    </ClInclude>
    <ClInclude Include="src\Map\MapCoreInfo.h">
      <Filter>MyPG\Header Files</Filter>
    </ClInclude>
    <ClInclude Include="src\Map\MapObject\MapObject.h">
      <Filter>MyPG\Header Files</Filter>
    </ClInclude>
    <ClInclude Include="src\Map\MapSizeInfo.h">
      <Filter>MyPG\Header Files</Filter>
    </ClInclude>
    <ClInclude Include="src\Map\MapObject\GoalObject.h">
      <Filter>MyPG\Header Files</Filter>
    </ClInclude>
    <ClInclude Include="src\Prefab\Map\MapObject\GoalObjectPrefab.h">
      <Filter>MyPG\Header Files</Filter>
    </ClInclude>
    <ClInclude Include="src\UI\CountDownUI.h">
      <Filter>MyPG\Header Files</Filter>
    </ClInclude>
    <ClInclude Include="src\Prefab\UI\CountDownUIPrefab.h">
      <Filter>MyPG\Header Files</Filter>
    </ClInclude>
    <ClInclude Include="src\TimeUtils\Timer.h">
      <Filter>MyPG\Header Files</Filter>
    </ClInclude>
    <ClInclude Include="src\GameScene\GameProgress.h">
      <Filter>MyPG\Header Files</Filter>
    </ClInclude>
    <ClInclude Include="src\GameScene\GameTimerController.h">
      <Filter>MyPG\Header Files</Filter>
    </ClInclude>
    <ClInclude Include="src\TransformUtils\Direction.h">
      <Filter>MyPG\Header Files</Filter>
    </ClInclude>
    <ClInclude Include="src\Character\Player\TempPlayerAnimator.h">
      <Filter>MyPG\Header Files</Filter>
    </ClInclude>
    <ClInclude Include="src\Character\Player\State\Handler\PlayerStateHandler.h">
      <Filter>MyPG\Header Files</Filter>
    </ClInclude>
    <ClInclude Include="src\Character\Player\State\PlayerStateMachine.h">
      <Filter>MyPG\Header Files</Filter>
    </ClInclude>
    <ClInclude Include="src\Character\Player\State\Handler\PlayerWalkStateHandler.h">
      <Filter>MyPG\Header Files</Filter>
    </ClInclude>
    <ClInclude Include="src\Character\Player\State\Handler\PlayerRunStateHandler.h">
      <Filter>MyPG\Header Files</Filter>
    </ClInclude>
    <ClInclude Include="src\Character\Player\State\PlayerState.h">
      <Filter>MyPG\Header Files</Filter>
    </ClInclude>
    <ClInclude Include="src\Character\Player\State\PlayerStateRequest.h">
      <Filter>MyPG\Header Files</Filter>
    </ClInclude>
    <ClInclude Include="src\Character\Player\State\Handler\PlayerPrepareToRunStateHandler.h">
      <Filter>MyPG\Header Files</Filter>
    </ClInclude>
    <ClInclude Include="src\Character\Player\State\Handler\PlayerStopRunningStateHandler.h">
      <Filter>MyPG\Header Files</Filter>
    </ClInclude>
    <ClInclude Include="src\Character\Player\State\Handler\PlayerFallbackStateHandler.h">
      <Filter>MyPG\Header Files</Filter>
    </ClInclude>
    <ClInclude Include="src\Character\Player\PlayerCollisionHandler.h">
      <Filter>MyPG\Header Files</Filter>
    </ClInclude>
    <ClInclude Include="src\GE\Utils\HandyFunc\CollisionRelated.h">
      <Filter>MyPG\Header Files</Filter>
    </ClInclude>
    <ClInclude Include="lib\jsoncpp\json\json.h">
      <Filter>MyPG\Header Files</Filter>
    </ClInclude>
    <ClInclude Include="lib\jsoncpp\json\json-forwards.h">
      <Filter>MyPG\Header Files</Filter>
    </ClInclude>
  </ItemGroup>
  <ItemGroup>
    <ResourceCompile Include="version.rc">
      <Filter>リソース ファイル</Filter>
    </ResourceCompile>
  </ItemGroup>
</Project>